<Solution>
  <Project Path="../midora-midi/Midora.Midi/Midora.Midi.csproj" />
  <Project Path="Midora.Audio.Bass.Tests.Console/Midora.Audio.Bass.Tests.Console.csproj" Id="36bdd8ae-f514-4f0a-b468-8c8b9e101e09" />
  <Project Path="Midora.Audio.Bass.Tests/Midora.Audio.Bass.Tests.csproj" Id="a84f6ba4-f19f-48aa-bfcf-6ac0d55463ca" />
  <Project Path="Midora.Audio.Bass/Midora.Audio.Bass.csproj" />
  <Project Path="Midora.Audio/Midora.Audio.csproj" />
</Solution>
