{
  "version": 1,
  "dependencies": {
    "net10.0-windows7.0": {
      "midora.desktop.presentation": {
        "type": "Project",
        "dependencies": {
          "Midora.Domain": "[1.0.0, )"
        }
      },
      "midora.domain": {
        "type": "Project",
        "dependencies": {
          "Midora.Mapping.Contract.V2": "[1.0.0, )"
        }
      },
      "midora.mapping.contract.v2": {
        "type": "Project"
      }
    },
    "net10.0-windows7.0/win-x64": {}
  }
}