<Solution>
  <Project Path="../midora-common/Midora.Common/Midora.Common.csproj" />
  <Project Path="../midora-common/Midora.Common.Tests/Midora.Common.Tests.csproj" />
  <Project Path="../midora-midi/Midora.Midi/Midora.Midi.csproj" />
  <Project Path="../midora-native-interops/Midora.NativeInterops.Bass/Midora.NativeInterops.Bass.csproj" />
  <Project Path="../midora-native-interops/Midora.NativeInterops.BassMidi/Midora.NativeInterops.BassMidi.csproj" />
  <Project Path="../midora-native-interops/Midora.NativeInterops.BassWasapi/Midora.NativeInterops.BassWasapi.csproj" />
  <Project Path="../midora-audio-device/Midora.AudioDevice/Midora.AudioDevice.csproj" />
  <Project Path="../midora-audio-device/Midora.AudioDevice.BassWasapi/Midora.AudioDevice.BassWasapi.csproj" />
  <Project Path="../midora-audio-device/Midora.AudioDevice.Wave/Midora.AudioDevice.Wave.csproj" />
  <Project Path="../midora-audio/Midora.Audio/Midora.Audio.csproj" />
  <Project Path="../midora-audio/Midora.Audio.Bass/Midora.Audio.Bass.csproj" />
  <Project Path="../midora-audio/Midora.Audio.Bass.Worker/Midora.Audio.Bass.Worker.csproj" />
  <Project Path="Midora.Mapping.Contract.V2/Midora.Mapping.Contract.V2.csproj" />
  <Project Path="Midora.Persistence/Midora.Persistence.csproj" />
  <Project Path="Midora.Persistence.Tests/Midora.Persistence.Tests.csproj" />
  <Project Path="Midora.Domain/Midora.Domain.csproj" />
  <Project Path="Midora.Compiler/Midora.Compiler.csproj" />
  <Project Path="Midora.Compiler.Tests/Midora.Compiler.Tests.csproj" />
  <Project Path="Midora.AudioRender/Midora.AudioRender.csproj" />
  <Project Path="Midora.AudioRender.Tests/Midora.AudioRender.Tests.csproj" />
  <Project Path="Midora.Application/Midora.Application.csproj" />
  <Project Path="Midora.Session/Midora.Session.csproj" />
  <Project Path="Midora.Application.Tests/Midora.Application.Tests.csproj" />
  <Project Path="Midora.MidiExport/Midora.MidiExport.csproj" />
  <Project Path="Midora.MidiExport.Tests/Midora.MidiExport.Tests.csproj" />
  <Project Path="Midora.Playback/Midora.Playback.csproj" />
  <Project Path="Midora.Playback.Tests/Midora.Playback.Tests.csproj" />
  <Project Path="Midora.Playback.BassWasapi/Midora.Playback.BassWasapi.csproj" />
</Solution>
