{
  "version": 1,
  "dependencies": {
    "net10.0": {
      "Avalonia": {
        "type": "Direct",
        "requested": "[11.3.22, )",
        "resolved": "11.3.22",
        "contentHash": "61kKbPq/2W/S8PkjRYnDCSvH2fAvhC3eTrYFtwMUZVShP5M2xXII76kIQo8bcezxwFkHc/yoRP3xzae2tFZRsQ==",
        "dependencies": {
          "Avalonia.BuildServices": "11.3.2",
          "Avalonia.Remote.Protocol": "11.3.22",
          "MicroCom.Runtime": "0.11.0"
        }
      },
      "Avalonia.BuildServices": {
        "type": "Transitive",
        "resolved": "11.3.2",
        "contentHash": "qHDToxto1e3hci5YqbG9n0Ty8mlp3zBUN5wT66wKqaDVzXyQ0do3EnRILd4Ke9jpvsktaPpgE0YjEk7hornryQ=="
      },
      "Avalonia.Remote.Protocol": {
        "type": "Transitive",
        "resolved": "11.3.22",
        "contentHash": "Ll5YswLkNW0WZm7RkvGS+8B9vH4/x77IsnCqlBvmXOgiQd0J5bpJQFYo1NDVyRLadp4e8Yqg1WP2xEc6IK94HQ=="
      },
      "MicroCom.Runtime": {
        "type": "Transitive",
        "resolved": "0.11.0",
        "contentHash": "MEnrZ3UIiH40hjzMDsxrTyi8dtqB5ziv3iBeeU4bXsL/7NLSal9F1lZKpK+tfBRnUoDSdtcW3KufE4yhATOMCA=="
      },
      "midora.common": {
        "type": "Project"
      },
      "midora.domain": {
        "type": "Project",
        "dependencies": {
          "Midora.Common": "[1.0.0-dev, )",
          "Midora.Mapping.Contract.V2": "[1.0.0-dev, )"
        }
      },
      "midora.mapping.contract.v2": {
        "type": "Project"
      }
    },
    "net10.0/osx-arm64": {}
  }
}